
Microsoft Visual Studio Solution File, Format Version 12.00
# Visual Studio Version 16
VisualStudioVersion = 16.0.30503.244
MinimumVisualStudioVersion = 10.0.40219.1
Project("{9A19103F-16F7-4668-BE54-9A1E7A4F7556}") = "RocketLeagueReplayParser.Tests", "RocketLeagueReplayParser.Tests\RocketLeagueReplayParser.Tests.csproj", "{693ADC99-1BE6-4CBA-82F1-155891749118}"
EndProject
Project("{2150E333-8FDC-42A3-9474-1A3956D46DE8}") = "Solution Items", "Solution Items", "{54C32273-2458-4542-902C-73495336CBC5}"
	ProjectSection(SolutionItems) = preProject
		README.md = README.md
	EndProjectSection
EndProject
Project("{9A19103F-16F7-4668-BE54-9A1E7A4F7556}") = "RocketLeagueReplayParser.Console", "RocketLeagueReplayParser.Console\RocketLeagueReplayParser.Console.csproj", "{E3B4EC94-556E-42FF-B546-620B98A8B768}"
EndProject
Project("{9A19103F-16F7-4668-BE54-9A1E7A4F7556}") = "RocketLeagueReplayParser", "RocketLeagueReplayParser\RocketLeagueReplayParser.csproj", "{AF3BE899-747D-4EF3-AC91-1F9373BEB9E3}"
EndProject
Global
	GlobalSection(SolutionConfigurationPlatforms) = preSolution
		Debug|Any CPU = Debug|Any CPU
		Release|Any CPU = Release|Any CPU
	EndGlobalSection
	GlobalSection(ProjectConfigurationPlatforms) = postSolution
		{693ADC99-1BE6-4CBA-82F1-155891749118}.Debug|Any CPU.ActiveCfg = Debug|Any CPU
		{693ADC99-1BE6-4CBA-82F1-155891749118}.Debug|Any CPU.Build.0 = Debug|Any CPU
		{693ADC99-1BE6-4CBA-82F1-155891749118}.Release|Any CPU.ActiveCfg = Release|Any CPU
		{693ADC99-1BE6-4CBA-82F1-155891749118}.Release|Any CPU.Build.0 = Release|Any CPU
		{E3B4EC94-556E-42FF-B546-620B98A8B768}.Debug|Any CPU.ActiveCfg = Debug|Any CPU
		{E3B4EC94-556E-42FF-B546-620B98A8B768}.Debug|Any CPU.Build.0 = Debug|Any CPU
		{E3B4EC94-556E-42FF-B546-620B98A8B768}.Release|Any CPU.ActiveCfg = Release|Any CPU
		{E3B4EC94-556E-42FF-B546-620B98A8B768}.Release|Any CPU.Build.0 = Release|Any CPU
		{AF3BE899-747D-4EF3-AC91-1F9373BEB9E3}.Debug|Any CPU.ActiveCfg = Debug|Any CPU
		{AF3BE899-747D-4EF3-AC91-1F9373BEB9E3}.Debug|Any CPU.Build.0 = Debug|Any CPU
		{AF3BE899-747D-4EF3-AC91-1F9373BEB9E3}.Release|Any CPU.ActiveCfg = Release|Any CPU
		{AF3BE899-747D-4EF3-AC91-1F9373BEB9E3}.Release|Any CPU.Build.0 = Release|Any CPU
	EndGlobalSection
	GlobalSection(SolutionProperties) = preSolution
		HideSolutionNode = FALSE
	EndGlobalSection
	GlobalSection(ExtensibilityGlobals) = postSolution
		SolutionGuid = {8ED84A85-F56C-4008-B304-BFA6D4359A08}
	EndGlobalSection
EndGlobal
